
Microsoft Visual Studio Solution File, Format Version 12.00
# Visual Studio Version 17
VisualStudioVersion = 17.9.34607.119
MinimumVisualStudioVersion = 10.0.40219.1
Project("{FAE04EC0-301F-11D3-BF4B-00C04F79EFBC}") = "SharpEssentials", "SharpEssentials\SharpEssentials.csproj", "{BB1C465D-63A5-4E98-BD39-7757C49204C3}"
EndProject
Global
	GlobalSection(SolutionConfigurationPlatforms) = preSolution
		Debug|Any CPU = Debug|Any CPU
		Release|Any CPU = Release|Any CPU
	EndGlobalSection
	GlobalSection(ProjectConfigurationPlatforms) = postSolution
		{BB1C465D-63A5-4E98-BD39-7757C49204C3}.Debug|Any CPU.ActiveCfg = Debug|Any CPU
		{BB1C465D-63A5-4E98-BD39-7757C49204C3}.Debug|Any CPU.Build.0 = Debug|Any CPU
		{BB1C465D-63A5-4E98-BD39-7757C49204C3}.Release|Any CPU.ActiveCfg = Release|Any CPU
		{BB1C465D-63A5-4E98-BD39-7757C49204C3}.Release|Any CPU.Build.0 = Release|Any CPU
	EndGlobalSection
	GlobalSection(SolutionProperties) = preSolution
		HideSolutionNode = FALSE
	EndGlobalSection
	GlobalSection(ExtensibilityGlobals) = postSolution
		SolutionGuid = {1FA66F78-E6DD-4085-9E7A-557466761424}
	EndGlobalSection
EndGlobal
